{
  "name": "oxen.Tests",
  "version": "0.0.1",
  "lockfileVersion": 1,
  "requires": true,
  "dependencies": {
    "bluebird": {
      "version": "2.3.11",
      "resolved": "https://registry.npmjs.org/bluebird/-/bluebird-2.3.11.tgz",
      "integrity": "sha1-Fbt47TKr8nsJBkDA+F5LkfYVyLY=",
      "dev": true
    },
    "bull": {
      "version": "0.2.7",
      "resolved": "https://registry.npmjs.org/bull/-/bull-0.2.7.tgz",
      "integrity": "sha1-AjKXR90KKAdIkZh3hXT1KrXaGRc=",
      "dev": true,
      "requires": {
        "bluebird": "2.3.11",
        "lodash": "2.2.1",
        "node-uuid": "1.4.8",
        "redis": "0.12.1",
        "semver": "4.3.6",
        "when": "2.1.1"
      },
      "dependencies": {
        "lodash": {
          "version": "2.2.1",
          "resolved": "https://registry.npmjs.org/lodash/-/lodash-2.2.1.tgz",
          "integrity": "sha1-ypNf0UqzwMhyq6zxmLnNpQFECGc=",
          "dev": true
        }
      }
    },
    "lodash": {
      "version": "2.4.2",
      "resolved": "https://registry.npmjs.org/lodash/-/lodash-2.4.2.tgz",
      "integrity": "sha1-+t2DS5aDBz2hebPq5tnA0VBT9z4=",
      "dev": true
    },
    "node-uuid": {
      "version": "1.4.8",
      "resolved": "https://registry.npmjs.org/node-uuid/-/node-uuid-1.4.8.tgz",
      "integrity": "sha1-sEDrCSOWivq/jTL7HxfxFn/auQc=",
      "dev": true
    },
    "redis": {
      "version": "0.12.1",
      "resolved": "https://registry.npmjs.org/redis/-/redis-0.12.1.tgz",
      "integrity": "sha1-ZN92rQ/IrOuuvSoGReikj6xJGF4=",
      "dev": true
    },
    "semver": {
      "version": "4.3.6",
      "resolved": "https://registry.npmjs.org/semver/-/semver-4.3.6.tgz",
      "integrity": "sha1-MAvG4OhjdPe6YQaLWx7NV/xlMto=",
      "dev": true
    },
    "when": {
      "version": "2.1.1",
      "resolved": "https://registry.npmjs.org/when/-/when-2.1.1.tgz",
      "integrity": "sha1-83QsKaVwOoCSh89Zk5eEnd6tEb0=",
      "dev": true
    }
  }
}
